
Microsoft Visual Studio Solution File, Format Version 12.00
# Visual Studio Version 17
VisualStudioVersion = 17.1.32210.238
MinimumVisualStudioVersion = 10.0.40219.1
Project("{FAE04EC0-301F-11D3-BF4B-00C04F79EFBC}") = "Consilio Code Challenge", "Consilio Code Challenge\Consilio Code Challenge.csproj", "{D668CB7A-A002-496F-BFEC-13D9B54E1443}"
EndProject
Global
	GlobalSection(SolutionConfigurationPlatforms) = preSolution
		Debug|Any CPU = Debug|Any CPU
		Release|Any CPU = Release|Any CPU
	EndGlobalSection
	GlobalSection(ProjectConfigurationPlatforms) = postSolution
		{D668CB7A-A002-496F-BFEC-13D9B54E1443}.Debug|Any CPU.ActiveCfg = Debug|Any CPU
		{D668CB7A-A002-496F-BFEC-13D9B54E1443}.Debug|Any CPU.Build.0 = Debug|Any CPU
		{D668CB7A-A002-496F-BFEC-13D9B54E1443}.Release|Any CPU.ActiveCfg = Release|Any CPU
		{D668CB7A-A002-496F-BFEC-13D9B54E1443}.Release|Any CPU.Build.0 = Release|Any CPU
	EndGlobalSection
	GlobalSection(SolutionProperties) = preSolution
		HideSolutionNode = FALSE
	EndGlobalSection
	GlobalSection(ExtensibilityGlobals) = postSolution
		SolutionGuid = {6B21CAE1-7442-45D2-B8F0-F41CC9F1ED81}
	EndGlobalSection
EndGlobal
