
Microsoft Visual Studio Solution File, Format Version 12.00
# Visual Studio Version 16
VisualStudioVersion = 16.0.31624.102
MinimumVisualStudioVersion = 10.0.40219.1
Project("{FAE04EC0-301F-11D3-BF4B-00C04F79EFBC}") = "CodeChallenges", "CodeChallenges\CodeChallenges.csproj", "{42FC139D-584A-437C-8F59-F455C32A473F}"
EndProject
Project("{FAE04EC0-301F-11D3-BF4B-00C04F79EFBC}") = "CodeChallengeUnitTest", "CodeChallengeUnitTest\CodeChallengeUnitTest.csproj", "{09F34B91-27A8-408A-8E4F-93585CB627F9}"
EndProject
Global
	GlobalSection(SolutionConfigurationPlatforms) = preSolution
		Debug|Any CPU = Debug|Any CPU
		Release|Any CPU = Release|Any CPU
	EndGlobalSection
	GlobalSection(ProjectConfigurationPlatforms) = postSolution
		{42FC139D-584A-437C-8F59-F455C32A473F}.Debug|Any CPU.ActiveCfg = Debug|Any CPU
		{42FC139D-584A-437C-8F59-F455C32A473F}.Debug|Any CPU.Build.0 = Debug|Any CPU
		{42FC139D-584A-437C-8F59-F455C32A473F}.Release|Any CPU.ActiveCfg = Release|Any CPU
		{42FC139D-584A-437C-8F59-F455C32A473F}.Release|Any CPU.Build.0 = Release|Any CPU
		{09F34B91-27A8-408A-8E4F-93585CB627F9}.Debug|Any CPU.ActiveCfg = Debug|Any CPU
		{09F34B91-27A8-408A-8E4F-93585CB627F9}.Debug|Any CPU.Build.0 = Debug|Any CPU
		{09F34B91-27A8-408A-8E4F-93585CB627F9}.Release|Any CPU.ActiveCfg = Release|Any CPU
		{09F34B91-27A8-408A-8E4F-93585CB627F9}.Release|Any CPU.Build.0 = Release|Any CPU
	EndGlobalSection
	GlobalSection(SolutionProperties) = preSolution
		HideSolutionNode = FALSE
	EndGlobalSection
	GlobalSection(ExtensibilityGlobals) = postSolution
		SolutionGuid = {220C53C8-A87C-44A0-9A58-1EF2E34EAC2E}
	EndGlobalSection
EndGlobal
